
Microsoft Visual Studio Solution File, Format Version 12.00
# Visual Studio Version 17
VisualStudioVersion = 17.6.33723.286
MinimumVisualStudioVersion = 10.0.40219.1
Project("{9A19103F-16F7-4668-BE54-9A1E7A4F7556}") = "TicTacToe", "TicTacToe\TicTacToe.csproj", "{35AEAAE9-50F5-43BD-A0C6-F55F07F9BAEC}"
EndProject
Project("{FAE04EC0-301F-11D3-BF4B-00C04F79EFBC}") = "TestTicTacToe", "TestTicTacToe\TestTicTacToe.csproj", "{C5729AB5-FDD4-436C-9CA4-4BCB72B4B0EB}"
EndProject
Global
	GlobalSection(SolutionConfigurationPlatforms) = preSolution
		Debug|Any CPU = Debug|Any CPU
		Release|Any CPU = Release|Any CPU
	EndGlobalSection
	GlobalSection(ProjectConfigurationPlatforms) = postSolution
		{35AEAAE9-50F5-43BD-A0C6-F55F07F9BAEC}.Debug|Any CPU.ActiveCfg = Debug|Any CPU
		{35AEAAE9-50F5-43BD-A0C6-F55F07F9BAEC}.Debug|Any CPU.Build.0 = Debug|Any CPU
		{35AEAAE9-50F5-43BD-A0C6-F55F07F9BAEC}.Release|Any CPU.ActiveCfg = Release|Any CPU
		{35AEAAE9-50F5-43BD-A0C6-F55F07F9BAEC}.Release|Any CPU.Build.0 = Release|Any CPU
		{C5729AB5-FDD4-436C-9CA4-4BCB72B4B0EB}.Debug|Any CPU.ActiveCfg = Debug|Any CPU
		{C5729AB5-FDD4-436C-9CA4-4BCB72B4B0EB}.Debug|Any CPU.Build.0 = Debug|Any CPU
		{C5729AB5-FDD4-436C-9CA4-4BCB72B4B0EB}.Release|Any CPU.ActiveCfg = Release|Any CPU
		{C5729AB5-FDD4-436C-9CA4-4BCB72B4B0EB}.Release|Any CPU.Build.0 = Release|Any CPU
	EndGlobalSection
	GlobalSection(SolutionProperties) = preSolution
		HideSolutionNode = FALSE
	EndGlobalSection
	GlobalSection(ExtensibilityGlobals) = postSolution
		SolutionGuid = {90B10BE0-02FB-4A67-96F0-674858B40B42}
	EndGlobalSection
EndGlobal
